
Microsoft Visual Studio Solution File, Format Version 12.00
# Visual Studio Version 17
VisualStudioVersion = 17.4.33213.308
MinimumVisualStudioVersion = 10.0.40219.1
Project("{9A19103F-16F7-4668-BE54-9A1E7A4F7556}") = "BlazorApplication", "BlazorApplication\BlazorApplication.csproj", "{FCC26E38-4830-437C-97C4-CB24DDDE5ED3}"
EndProject
Global
	GlobalSection(SolutionConfigurationPlatforms) = preSolution
		Debug|Any CPU = Debug|Any CPU
		Release|Any CPU = Release|Any CPU
	EndGlobalSection
	GlobalSection(ProjectConfigurationPlatforms) = postSolution
		{FCC26E38-4830-437C-97C4-CB24DDDE5ED3}.Debug|Any CPU.ActiveCfg = Debug|Any CPU
		{FCC26E38-4830-437C-97C4-CB24DDDE5ED3}.Debug|Any CPU.Build.0 = Debug|Any CPU
		{FCC26E38-4830-437C-97C4-CB24DDDE5ED3}.Release|Any CPU.ActiveCfg = Release|Any CPU
		{FCC26E38-4830-437C-97C4-CB24DDDE5ED3}.Release|Any CPU.Build.0 = Release|Any CPU
	EndGlobalSection
	GlobalSection(SolutionProperties) = preSolution
		HideSolutionNode = FALSE
	EndGlobalSection
	GlobalSection(ExtensibilityGlobals) = postSolution
		SolutionGuid = {B2B57F7C-4D02-4CB5-A6C7-09F20810B756}
	EndGlobalSection
EndGlobal
